// !$*UTF8*$!
{
	archiveVersion = 1;
	classes = {
	};
	objectVersion = 55;
	objects = {

/* Begin PBXBuildFile section */
		802EF56C293349B500118E77 /* AppDelegate.swift in Sources */ = {isa = PBXBuildFile; fileRef = 802EF56B293349B500118E77 /* AppDelegate.swift */; };
		802EF56E293349B500118E77 /* SceneDelegate.swift in Sources */ = {isa = PBXBuildFile; fileRef = 802EF56D293349B500118E77 /* SceneDelegate.swift */; };
		802EF570293349B500118E77 /* TaskViewController.swift in Sources */ = {isa = PBXBuildFile; fileRef = 802EF56F293349B500118E77 /* TaskViewController.swift */; };
		802EF573293349B500118E77 /* Main.storyboard in Resources */ = {isa = PBXBuildFile; fileRef = 802EF571293349B500118E77 /* Main.storyboard */; };
		802EF576293349B500118E77 /* CSC680_Term_Project.xcdatamodeld in Sources */ = {isa = PBXBuildFile; fileRef = 802EF574293349B500118E77 /* CSC680_Term_Project.xcdatamodeld */; };
		802EF578293349B600118E77 /* Assets.xcassets in Resources */ = {isa = PBXBuildFile; fileRef = 802EF577293349B600118E77 /* Assets.xcassets */; };
		802EF57B293349B600118E77 /* LaunchScreen.storyboard in Resources */ = {isa = PBXBuildFile; fileRef = 802EF579293349B600118E77 /* LaunchScreen.storyboard */; };
		802EF584293356CD00118E77 /* TaskItem+CoreDataClass.swift in Sources */ = {isa = PBXBuildFile; fileRef = 802EF582293356CD00118E77 /* TaskItem+CoreDataClass.swift */; };
		802EF585293356CD00118E77 /* TaskItem+CoreDataProperties.swift in Sources */ = {isa = PBXBuildFile; fileRef = 802EF583293356CD00118E77 /* TaskItem+CoreDataProperties.swift */; };
		80EB73002948371E00024858 /* AddTodoViewController.swift in Sources */ = {isa = PBXBuildFile; fileRef = 80EB72FF2948371E00024858 /* AddTodoViewController.swift */; };
		80EB7304294865FB00024858 /* SeeTaskViewController.swift in Sources */ = {isa = PBXBuildFile; fileRef = 80EB7303294865FB00024858 /* SeeTaskViewController.swift */; };
/* End PBXBuildFile section */

/* Begin PBXFileReference section */
		802EF568293349B500118E77 /* CSC680 Term Project.app */ = {isa = PBXFileReference; explicitFileType = wrapper.application; includeInIndex = 0; path = "CSC680 Term Project.app"; sourceTree = BUILT_PRODUCTS_DIR; };
		802EF56B293349B500118E77 /* AppDelegate.swift */ = {isa = PBXFileReference; lastKnownFileType = sourcecode.swift; path = AppDelegate.swift; sourceTree = "<group>"; };
		802EF56D293349B500118E77 /* SceneDelegate.swift */ = {isa = PBXFileReference; lastKnownFileType = sourcecode.swift; path = SceneDelegate.swift; sourceTree = "<group>"; };
		802EF56F293349B500118E77 /* TaskViewController.swift */ = {isa = PBXFileReference; lastKnownFileType = sourcecode.swift; path = TaskViewController.swift; sourceTree = "<group>"; };
		802EF572293349B500118E77 /* Base */ = {isa = PBXFileReference; lastKnownFileType = file.storyboard; name = Base; path = Base.lproj/Main.storyboard; sourceTree = "<group>"; };
		802EF575293349B500118E77 /* CSC680_Term_Project.xcdatamodel */ = {isa = PBXFileReference; lastKnownFileType = wrapper.xcdatamodel; path = CSC680_Term_Project.xcdatamodel; sourceTree = "<group>"; };
		802EF577293349B600118E77 /* Assets.xcassets */ = {isa = PBXFileReference; lastKnownFileType = folder.assetcatalog; path = Assets.xcassets; sourceTree = "<group>"; };
		802EF57A293349B600118E77 /* Base */ = {isa = PBXFileReference; lastKnownFileType = file.storyboard; name = Base; path = Base.lproj/LaunchScreen.storyboard; sourceTree = "<group>"; };
		802EF57C293349B600118E77 /* Info.plist */ = {isa = PBXFileReference; lastKnownFileType = text.plist.xml; path = Info.plist; sourceTree = "<group>"; };
		802EF582293356CD00118E77 /* TaskItem+CoreDataClass.swift */ = {isa = PBXFileReference; lastKnownFileType = sourcecode.swift; path = "TaskItem+CoreDataClass.swift"; sourceTree = "<group>"; };
		802EF583293356CD00118E77 /* TaskItem+CoreDataProperties.swift */ = {isa = PBXFileReference; lastKnownFileType = sourcecode.swift; path = "TaskItem+CoreDataProperties.swift"; sourceTree = "<group>"; };
		80EB72FF2948371E00024858 /* AddTodoViewController.swift */ = {isa = PBXFileReference; lastKnownFileType = sourcecode.swift; path = AddTodoViewController.swift; sourceTree = "<group>"; };
		80EB7303294865FB00024858 /* SeeTaskViewController.swift */ = {isa = PBXFileReference; lastKnownFileType = sourcecode.swift; path = SeeTaskViewController.swift; sourceTree = "<group>"; };
/* End PBXFileReference section */

/* Begin PBXFrameworksBuildPhase section */
		802EF565293349B500118E77 /* Frameworks */ = {
			isa = PBXFrameworksBuildPhase;
			buildActionMask = 2147483647;
			files = (
			);
			runOnlyForDeploymentPostprocessing = 0;
		};
/* End PBXFrameworksBuildPhase section */

/* Begin PBXGroup section */
		802EF55F293349B500118E77 = {
			isa = PBXGroup;
			children = (
				802EF56A293349B500118E77 /* CSC680 Term Project */,
				802EF569293349B500118E77 /* Products */,
			);
			sourceTree = "<group>";
		};
		802EF569293349B500118E77 /* Products */ = {
			isa = PBXGroup;
			children = (
				802EF568293349B500118E77 /* CSC680 Term Project.app */,
			);
			name = Products;
			sourceTree = "<group>";
		};
		802EF56A293349B500118E77 /* CSC680 Term Project */ = {
			isa = PBXGroup;
			children = (
				802EF5862933582100118E77 /* TaskItem */,
				802EF56B293349B500118E77 /* AppDelegate.swift */,
				802EF56D293349B500118E77 /* SceneDelegate.swift */,
				80EB72FF2948371E00024858 /* AddTodoViewController.swift */,
				80EB7303294865FB00024858 /* SeeTaskViewController.swift */,
				802EF56F293349B500118E77 /* TaskViewController.swift */,
				802EF571293349B500118E77 /* Main.storyboard */,
				802EF577293349B600118E77 /* Assets.xcassets */,
				802EF579293349B600118E77 /* LaunchScreen.storyboard */,
				802EF57C293349B600118E77 /* Info.plist */,
				802EF574293349B500118E77 /* CSC680_Term_Project.xcdatamodeld */,
			);
			path = "CSC680 Term Project";
			sourceTree = "<group>";
		};
		802EF5862933582100118E77 /* TaskItem */ = {
			isa = PBXGroup;
			children = (
				802EF583293356CD00118E77 /* TaskItem+CoreDataProperties.swift */,
				802EF582293356CD00118E77 /* TaskItem+CoreDataClass.swift */,
			);
			path = TaskItem;
			sourceTree = "<group>";
		};
/* End PBXGroup section */

/* Begin PBXNativeTarget section */
		802EF567293349B500118E77 /* CSC680 Term Project */ = {
			isa = PBXNativeTarget;
			buildConfigurationList = 802EF57F293349B600118E77 /* Build configuration list for PBXNativeTarget "CSC680 Term Project" */;
			buildPhases = (
				802EF564293349B500118E77 /* Sources */,
				802EF565293349B500118E77 /* Frameworks */,
				802EF566293349B500118E77 /* Resources */,
			);
			buildRules = (
			);
			dependencies = (
			);
			name = "CSC680 Term Project";
			productName = "CSC680 Term Project";
			productReference = 802EF568293349B500118E77 /* CSC680 Term Project.app */;
			productType = "com.apple.product-type.application";
		};
/* End PBXNativeTarget section */

/* Begin PBXProject section */
		802EF560293349B500118E77 /* Project object */ = {
			isa = PBXProject;
			attributes = {
				BuildIndependentTargetsInParallel = 1;
				LastSwiftUpdateCheck = 1340;
				LastUpgradeCheck = 1340;
				TargetAttributes = {
					802EF567293349B500118E77 = {
						CreatedOnToolsVersion = 13.4.1;
					};
				};
			};
			buildConfigurationList = 802EF563293349B500118E77 /* Build configuration list for PBXProject "CSC680 Term Project" */;
			compatibilityVersion = "Xcode 13.0";
			developmentRegion = en;
			hasScannedForEncodings = 0;
			knownRegions = (
				en,
				Base,
			);
			mainGroup = 802EF55F293349B500118E77;
			productRefGroup = 802EF569293349B500118E77 /* Products */;
			projectDirPath = "";
			projectRoot = "";
			targets = (
				802EF567293349B500118E77 /* CSC680 Term Project */,
			);
		};
/* End PBXProject section */

/* Begin PBXResourcesBuildPhase section */
		802EF566293349B500118E77 /* Resources */ = {
			isa = PBXResourcesBuildPhase;
			buildActionMask = 2147483647;
			files = (
				802EF57B293349B600118E77 /* LaunchScreen.storyboard in Resources */,
				802EF578293349B600118E77 /* Assets.xcassets in Resources */,
				802EF573293349B500118E77 /* Main.storyboard in Resources */,
			);
			runOnlyForDeploymentPostprocessing = 0;
		};
/* End PBXResourcesBuildPhase section */

/* Begin PBXSourcesBuildPhase section */
		802EF564293349B500118E77 /* Sources */ = {
			isa = PBXSourcesBuildPhase;
			buildActionMask = 2147483647;
			files = (
				802EF576293349B500118E77 /* CSC680_Term_Project.xcdatamodeld in Sources */,
				80EB73002948371E00024858 /* AddTodoViewController.swift in Sources */,
				802EF570293349B500118E77 /* TaskViewController.swift in Sources */,
				802EF56C293349B500118E77 /* AppDelegate.swift in Sources */,
				802EF56E293349B500118E77 /* SceneDelegate.swift in Sources */,
				80EB7304294865FB00024858 /* SeeTaskViewController.swift in Sources */,
				802EF584293356CD00118E77 /* TaskItem+CoreDataClass.swift in Sources */,
				802EF585293356CD00118E77 /* TaskItem+CoreDataProperties.swift in Sources */,
			);
			runOnlyForDeploymentPostprocessing = 0;
		};
/* End PBXSourcesBuildPhase section */

/* Begin PBXVariantGroup section */
		802EF571293349B500118E77 /* Main.storyboard */ = {
			isa = PBXVariantGroup;
			children = (
				802EF572293349B500118E77 /* Base */,
			);
			name = Main.storyboard;
			sourceTree = "<group>";
		};
		802EF579293349B600118E77 /* LaunchScreen.storyboard */ = {
			isa = PBXVariantGroup;
			children = (
				802EF57A293349B600118E77 /* Base */,
			);
			name = LaunchScreen.storyboard;
			sourceTree = "<group>";
		};
/* End PBXVariantGroup section */

/* Begin XCBuildConfiguration section */
		802EF57D293349B600118E77 /* Debug */ = {
			isa = XCBuildConfiguration;
			buildSettings = {
				ALWAYS_SEARCH_USER_PATHS = NO;
				CLANG_ANALYZER_NONNULL = YES;
				CLANG_ANALYZER_NUMBER_OBJECT_CONVERSION = YES_AGGRESSIVE;
				CLANG_CXX_LANGUAGE_STANDARD = "gnu++17";
				CLANG_ENABLE_MODULES = YES;
				CLANG_ENABLE_OBJC_ARC = YES;
				CLANG_ENABLE_OBJC_WEAK = YES;
				CLANG_WARN_BLOCK_CAPTURE_AUTORELEASING = YES;
				CLANG_WARN_BOOL_CONVERSION = YES;
				CLANG_WARN_COMMA = YES;
				CLANG_WARN_CONSTANT_CONVERSION = YES;
				CLANG_WARN_DEPRECATED_OBJC_IMPLEMENTATIONS = YES;
				CLANG_WARN_DIRECT_OBJC_ISA_USAGE = YES_ERROR;
				CLANG_WARN_DOCUMENTATION_COMMENTS = YES;
				CLANG_WARN_EMPTY_BODY = YES;
				CLANG_WARN_ENUM_CONVERSION = YES;
				CLANG_WARN_INFINITE_RECURSION = YES;
				CLANG_WARN_INT_CONVERSION = YES;
				CLANG_WARN_NON_LITERAL_NULL_CONVERSION = YES;
				CLANG_WARN_OBJC_IMPLICIT_RETAIN_SELF = YES;
				CLANG_WARN_OBJC_LITERAL_CONVERSION = YES;
				CLANG_WARN_OBJC_ROOT_CLASS = YES_ERROR;
				CLANG_WARN_QUOTED_INCLUDE_IN_FRAMEWORK_HEADER = YES;
				CLANG_WARN_RANGE_LOOP_ANALYSIS = YES;
				CLANG_WARN_STRICT_PROTOTYPES = YES;
				CLANG_WARN_SUSPICIOUS_MOVE = YES;
				CLANG_WARN_UNGUARDED_AVAILABILITY = YES_AGGRESSIVE;
				CLANG_WARN_UNREACHABLE_CODE = YES;
				CLANG_WARN__DUPLICATE_METHOD_MATCH = YES;
				COPY_PHASE_STRIP = NO;
				DEBUG_INFORMATION_FORMAT = dwarf;
				ENABLE_STRICT_OBJC_MSGSEND = YES;
				ENABLE_TESTABILITY = YES;
				GCC_C_LANGUAGE_STANDARD = gnu11;
				GCC_DYNAMIC_NO_PIC = NO;
				GCC_NO_COMMON_BLOCKS = YES;
				GCC_OPTIMIZATION_LEVEL = 0;
				GCC_PREPROCESSOR_DEFINITIONS = (
					"DEBUG=1",
					"$(inherited)",
				);
				GCC_WARN_64_TO_32_BIT_CONVERSION = YES;
				GCC_WARN_ABOUT_RETURN_TYPE = YES_ERROR;
				GCC_WARN_UNDECLARED_SELECTOR = YES;
				GCC_WARN_UNINITIALIZED_AUTOS = YES_AGGRESSIVE;
				GCC_WARN_UNUSED_FUNCTION = YES;
				GCC_WARN_UNUSED_VARIABLE = YES;
				IPHONEOS_DEPLOYMENT_TARGET = 15.5;
				MTL_ENABLE_DEBUG_INFO = INCLUDE_SOURCE;
				MTL_FAST_MATH = YES;
				ONLY_ACTIVE_ARCH = YES;
				SDKROOT = iphoneos;
				SWIFT_ACTIVE_COMPILATION_CONDITIONS = DEBUG;
				SWIFT_OPTIMIZATION_LEVEL = "-Onone";
			};
			name = Debug;
		};
		802EF57E293349B600118E77 /* Release */ = {
			isa = XCBuildConfiguration;
			buildSettings = {
				ALWAYS_SEARCH_USER_PATHS = NO;
				CLANG_ANALYZER_NONNULL = YES;
				CLANG_ANALYZER_NUMBER_OBJECT_CONVERSION = YES_AGGRESSIVE;
				CLANG_CXX_LANGUAGE_STANDARD = "gnu++17";
				CLANG_ENABLE_MODULES = YES;
				CLANG_ENABLE_OBJC_ARC = YES;
				CLANG_ENABLE_OBJC_WEAK = YES;
				CLANG_WARN_BLOCK_CAPTURE_AUTORELEASING = YES;
				CLANG_WARN_BOOL_CONVERSION = YES;
				CLANG_WARN_COMMA = YES;
				CLANG_WARN_CONSTANT_CONVERSION = YES;
				CLANG_WARN_DEPRECATED_OBJC_IMPLEMENTATIONS = YES;
				CLANG_WARN_DIRECT_OBJC_ISA_USAGE = YES_ERROR;
				CLANG_WARN_DOCUMENTATION_COMMENTS = YES;
				CLANG_WARN_EMPTY_BODY = YES;
				CLANG_WARN_ENUM_CONVERSION = YES;
				CLANG_WARN_INFINITE_RECURSION = YES;
				CLANG_WARN_INT_CONVERSION = YES;
				CLANG_WARN_NON_LITERAL_NULL_CONVERSION = YES;
				CLANG_WARN_OBJC_IMPLICIT_RETAIN_SELF = YES;
				CLANG_WARN_OBJC_LITERAL_CONVERSION = YES;
				CLANG_WARN_OBJC_ROOT_CLASS = YES_ERROR;
				CLANG_WARN_QUOTED_INCLUDE_IN_FRAMEWORK_HEADER = YES;
				CLANG_WARN_RANGE_LOOP_ANALYSIS = YES;
				CLANG_WARN_STRICT_PROTOTYPES = YES;
				CLANG_WARN_SUSPICIOUS_MOVE = YES;
				CLANG_WARN_UNGUARDED_AVAILABILITY = YES_AGGRESSIVE;
				CLANG_WARN_UNREACHABLE_CODE = YES;
				CLANG_WARN__DUPLICATE_METHOD_MATCH = YES;
				COPY_PHASE_STRIP = NO;
				DEBUG_INFORMATION_FORMAT = "dwarf-with-dsym";
				ENABLE_NS_ASSERTIONS = NO;
				ENABLE_STRICT_OBJC_MSGSEND = YES;
				GCC_C_LANGUAGE_STANDARD = gnu11;
				GCC_NO_COMMON_BLOCKS = YES;
				GCC_WARN_64_TO_32_BIT_CONVERSION = YES;
				GCC_WARN_ABOUT_RETURN_TYPE = YES_ERROR;
				GCC_WARN_UNDECLARED_SELECTOR = YES;
				GCC_WARN_UNINITIALIZED_AUTOS = YES_AGGRESSIVE;
				GCC_WARN_UNUSED_FUNCTION = YES;
				GCC_WARN_UNUSED_VARIABLE = YES;
				IPHONEOS_DEPLOYMENT_TARGET = 15.5;
				MTL_ENABLE_DEBUG_INFO = NO;
				MTL_FAST_MATH = YES;
				SDKROOT = iphoneos;
				SWIFT_COMPILATION_MODE = wholemodule;
				SWIFT_OPTIMIZATION_LEVEL = "-O";
				VALIDATE_PRODUCT = YES;
			};
			name = Release;
		};
		802EF580293349B600118E77 /* Debug */ = {
			isa = XCBuildConfiguration;
			buildSettings = {
				ASSETCATALOG_COMPILER_APPICON_NAME = AppIcon;
				ASSETCATALOG_COMPILER_GLOBAL_ACCENT_COLOR_NAME = AccentColor;
				CODE_SIGN_STYLE = Automatic;
				CURRENT_PROJECT_VERSION = 1;
				DEVELOPMENT_TEAM = VKJ3WWR3QF;
				GENERATE_INFOPLIST_FILE = YES;
				INFOPLIST_FILE = "CSC680 Term Project/Info.plist";
				INFOPLIST_KEY_UIApplicationSupportsIndirectInputEvents = YES;
				INFOPLIST_KEY_UILaunchStoryboardName = LaunchScreen;
				INFOPLIST_KEY_UIMainStoryboardFile = Main;
				INFOPLIST_KEY_UISupportedInterfaceOrientations_iPad = "UIInterfaceOrientationPortrait UIInterfaceOrientationPortraitUpsideDown UIInterfaceOrientationLandscapeLeft UIInterfaceOrientationLandscapeRight";
				INFOPLIST_KEY_UISupportedInterfaceOrientations_iPhone = "UIInterfaceOrientationPortrait UIInterfaceOrientationLandscapeLeft UIInterfaceOrientationLandscapeRight";
				LD_RUNPATH_SEARCH_PATHS = (
					"$(inherited)",
					"@executable_path/Frameworks",
				);
				MARKETING_VERSION = 1.0;
				PRODUCT_BUNDLE_IDENTIFIER = "dwong19-mail.sfsu.edu.CSC680-Term-Project";
				PRODUCT_NAME = "$(TARGET_NAME)";
				SWIFT_EMIT_LOC_STRINGS = YES;
				SWIFT_VERSION = 5.0;
				TARGETED_DEVICE_FAMILY = "1,2";
			};
			name = Debug;
		};
		802EF581293349B600118E77 /* Release */ = {
			isa = XCBuildConfiguration;
			buildSettings = {
				ASSETCATALOG_COMPILER_APPICON_NAME = AppIcon;
				ASSETCATALOG_COMPILER_GLOBAL_ACCENT_COLOR_NAME = AccentColor;
				CODE_SIGN_STYLE = Automatic;
				CURRENT_PROJECT_VERSION = 1;
				DEVELOPMENT_TEAM = VKJ3WWR3QF;
				GENERATE_INFOPLIST_FILE = YES;
				INFOPLIST_FILE = "CSC680 Term Project/Info.plist";
				INFOPLIST_KEY_UIApplicationSupportsIndirectInputEvents = YES;
				INFOPLIST_KEY_UILaunchStoryboardName = LaunchScreen;
				INFOPLIST_KEY_UIMainStoryboardFile = Main;
				INFOPLIST_KEY_UISupportedInterfaceOrientations_iPad = "UIInterfaceOrientationPortrait UIInterfaceOrientationPortraitUpsideDown UIInterfaceOrientationLandscapeLeft UIInterfaceOrientationLandscapeRight";
				INFOPLIST_KEY_UISupportedInterfaceOrientations_iPhone = "UIInterfaceOrientationPortrait UIInterfaceOrientationLandscapeLeft UIInterfaceOrientationLandscapeRight";
				LD_RUNPATH_SEARCH_PATHS = (
					"$(inherited)",
					"@executable_path/Frameworks",
				);
				MARKETING_VERSION = 1.0;
				PRODUCT_BUNDLE_IDENTIFIER = "dwong19-mail.sfsu.edu.CSC680-Term-Project";
				PRODUCT_NAME = "$(TARGET_NAME)";
				SWIFT_EMIT_LOC_STRINGS = YES;
				SWIFT_VERSION = 5.0;
				TARGETED_DEVICE_FAMILY = "1,2";
			};
			name = Release;
		};
/* End XCBuildConfiguration section */

/* Begin XCConfigurationList section */
		802EF563293349B500118E77 /* Build configuration list for PBXProject "CSC680 Term Project" */ = {
			isa = XCConfigurationList;
			buildConfigurations = (
				802EF57D293349B600118E77 /* Debug */,
				802EF57E293349B600118E77 /* Release */,
			);
			defaultConfigurationIsVisible = 0;
			defaultConfigurationName = Release;
		};
		802EF57F293349B600118E77 /* Build configuration list for PBXNativeTarget "CSC680 Term Project" */ = {
			isa = XCConfigurationList;
			buildConfigurations = (
				802EF580293349B600118E77 /* Debug */,
				802EF581293349B600118E77 /* Release */,
			);
			defaultConfigurationIsVisible = 0;
			defaultConfigurationName = Release;
		};
/* End XCConfigurationList section */

/* Begin XCVersionGroup section */
		802EF574293349B500118E77 /* CSC680_Term_Project.xcdatamodeld */ = {
			isa = XCVersionGroup;
			children = (
				802EF575293349B500118E77 /* CSC680_Term_Project.xcdatamodel */,
			);
			currentVersion = 802EF575293349B500118E77 /* CSC680_Term_Project.xcdatamodel */;
			path = CSC680_Term_Project.xcdatamodeld;
			sourceTree = "<group>";
			versionGroupType = wrapper.xcdatamodel;
		};
/* End XCVersionGroup section */
	};
	rootObject = 802EF560293349B500118E77 /* Project object */;
}
